
Microsoft Visual Studio Solution File, Format Version 12.00
# Visual Studio Version 17
VisualStudioVersion = 17.10.34916.146
MinimumVisualStudioVersion = 10.0.40219.1
Project("{FAE04EC0-301F-11D3-BF4B-00C04F79EFBC}") = "Huellitas-ptc", "Huellitas-ptc\Huellitas-ptc.csproj", "{0CA13A9F-A7A9-4741-A546-4DAB457C69FE}"
EndProject
Global
	GlobalSection(SolutionConfigurationPlatforms) = preSolution
		Debug|Any CPU = Debug|Any CPU
		Release|Any CPU = Release|Any CPU
	EndGlobalSection
	GlobalSection(ProjectConfigurationPlatforms) = postSolution
		{0CA13A9F-A7A9-4741-A546-4DAB457C69FE}.Debug|Any CPU.ActiveCfg = Debug|Any CPU
		{0CA13A9F-A7A9-4741-A546-4DAB457C69FE}.Debug|Any CPU.Build.0 = Debug|Any CPU
		{0CA13A9F-A7A9-4741-A546-4DAB457C69FE}.Release|Any CPU.ActiveCfg = Release|Any CPU
		{0CA13A9F-A7A9-4741-A546-4DAB457C69FE}.Release|Any CPU.Build.0 = Release|Any CPU
	EndGlobalSection
	GlobalSection(SolutionProperties) = preSolution
		HideSolutionNode = FALSE
	EndGlobalSection
	GlobalSection(ExtensibilityGlobals) = postSolution
		SolutionGuid = {56196C88-FB04-43C0-AFE4-A75A99FC8539}
	EndGlobalSection
EndGlobal
